{
  "name": "hugging-face",
  "version": "1.0.0",
  "lockfileVersion": 3,
  "requires": true,
  "packages": {
    "": {
      "name": "hugging-face",
      "version": "1.0.0",
      "license": "MIT",
      "dependencies": {
        "@huggingface/agents": "^0.0.5",
        "@huggingface/hub": "^1.1.2",
        "@huggingface/inference": "^3.12.0",
        "dotenv": "^16.5.0"
      },
      "devDependencies": {
        "@types/dotenv": "^6.1.1",
        "typescript": "^5.8.3"
      }
    },
    "node_modules/@huggingface/agents": {
      "version": "0.0.5",
      "resolved": "https://registry.npmjs.org/@huggingface/agents/-/agents-0.0.5.tgz",
      "integrity": "sha512-h3mutXX0sFg4o9ZDHh3gzsF+qydcrTW9MVll2g/IVrNiQ0pSfXZqOQPRnfd85XU49buY3Zd1oHUDI0Bz8PznJw==",
      "license": "MIT",
      "dependencies": {
        "@huggingface/inference": "^2.6.1"
      },
      "engines": {
        "node": ">=18"
      }
    },
    "node_modules/@huggingface/agents/node_modules/@huggingface/inference": {
      "version": "2.8.1",
      "resolved": "https://registry.npmjs.org/@huggingface/inference/-/inference-2.8.1.tgz",
      "integrity": "sha512-EfsNtY9OR6JCNaUa5bZu2mrs48iqeTz0Gutwf+fU0Kypx33xFQB4DKMhp8u4Ee6qVbLbNWvTHuWwlppLQl4p4Q==",
      "license": "MIT",
      "dependencies": {
        "@huggingface/tasks": "^0.12.9"
      },
      "engines": {
        "node": ">=18"
      }
    },
    "node_modules/@huggingface/agents/node_modules/@huggingface/tasks": {
      "version": "0.12.30",
      "resolved": "https://registry.npmjs.org/@huggingface/tasks/-/tasks-0.12.30.tgz",
      "integrity": "sha512-A1ITdxbEzx9L8wKR8pF7swyrTLxWNDFIGDLUWInxvks2ruQ8PLRBZe8r0EcjC3CDdtlj9jV1V4cgV35K/iy3GQ==",
      "license": "MIT"
    },
    "node_modules/@huggingface/hub": {
      "version": "1.1.2",
      "resolved": "https://registry.npmjs.org/@huggingface/hub/-/hub-1.1.2.tgz",
      "integrity": "sha512-Jf4GhvVj9ABDw4Itb3BV1T7f22iewuZva476qTicQ4kOTbosuUuFDhsVH7ZH6rVNgg20Ll9kaNBF5CXjySIT+w==",
      "license": "MIT",
      "dependencies": {
        "@huggingface/tasks": "^0.18.2"
      },
      "engines": {
        "node": ">=18"
      }
    },
    "node_modules/@huggingface/hub/node_modules/@huggingface/tasks": {
      "version": "0.18.12",
      "resolved": "https://registry.npmjs.org/@huggingface/tasks/-/tasks-0.18.12.tgz",
      "integrity": "sha512-hUEYhXJzJCUhLSBNglW+Sji5fuzMnpBimp3kbdcGor+MaN9xb+qrcLnMC7X8aOcZaZdCErwYYIqz2oSP2EM4Bg==",
      "license": "MIT"
    },
    "node_modules/@huggingface/inference": {
      "version": "3.12.0",
      "resolved": "https://registry.npmjs.org/@huggingface/inference/-/inference-3.12.0.tgz",
      "integrity": "sha512-z2EGuzWwzHfiikZkzKS8J1vLdTxMnIfGEmL5SX8PI18pg0GS7fovbBvIul6TD8FiLBQ2aurdN6ci1z8PnUtv/A==",
      "license": "MIT",
      "dependencies": {
        "@huggingface/jinja": "^0.4.1",
        "@huggingface/tasks": "^0.19.1"
      },
      "engines": {
        "node": ">=18"
      }
    },
    "node_modules/@huggingface/jinja": {
      "version": "0.4.1",
      "resolved": "https://registry.npmjs.org/@huggingface/jinja/-/jinja-0.4.1.tgz",
      "integrity": "sha512-3WXbMFaPkk03LRCM0z0sylmn8ddDm4ubjU7X+Hg4M2GOuMklwoGAFXp9V2keq7vltoB/c7McE5aHUVVddAewsw==",
      "license": "MIT",
      "engines": {
        "node": ">=18"
      }
    },
    "node_modules/@huggingface/tasks": {
      "version": "0.19.1",
      "resolved": "https://registry.npmjs.org/@huggingface/tasks/-/tasks-0.19.1.tgz",
      "integrity": "sha512-cocq5+jkmh8+qIvWDCyC9nkf7qCpmBRrJL/WPWhfIMXWEv2dMYMY62ylFv+dq/vRwpe+/5h0WlnZGOSIa+3OJg==",
      "license": "MIT"
    },
    "node_modules/@types/dotenv": {
      "version": "6.1.1",
      "resolved": "https://registry.npmjs.org/@types/dotenv/-/dotenv-6.1.1.tgz",
      "integrity": "sha512-ftQl3DtBvqHl9L16tpqqzA4YzCSXZfi7g8cQceTz5rOlYtk/IZbFjAv3mLOQlNIgOaylCQWQoBdDQHPgEBJPHg==",
      "dev": true,
      "license": "MIT",
      "dependencies": {
        "@types/node": "*"
      }
    },
    "node_modules/@types/node": {
      "version": "22.15.3",
      "resolved": "https://registry.npmjs.org/@types/node/-/node-22.15.3.tgz",
      "integrity": "sha512-lX7HFZeHf4QG/J7tBZqrCAXwz9J5RD56Y6MpP0eJkka8p+K0RY/yBTW7CYFJ4VGCclxqOLKmiGP5juQc6MKgcw==",
      "dev": true,
      "license": "MIT",
      "dependencies": {
        "undici-types": "~6.21.0"
      }
    },
    "node_modules/dotenv": {
      "version": "16.5.0",
      "resolved": "https://registry.npmjs.org/dotenv/-/dotenv-16.5.0.tgz",
      "integrity": "sha512-m/C+AwOAr9/W1UOIZUo232ejMNnJAJtYQjUbHoNTBNTJSvqzzDh7vnrei3o3r3m9blf6ZoDkvcw0VmozNRFJxg==",
      "license": "BSD-2-Clause",
      "engines": {
        "node": ">=12"
      },
      "funding": {
        "url": "https://dotenvx.com"
      }
    },
    "node_modules/typescript": {
      "version": "5.8.3",
      "resolved": "https://registry.npmjs.org/typescript/-/typescript-5.8.3.tgz",
      "integrity": "sha512-p1diW6TqL9L07nNxvRMM7hMMw4c5XOo/1ibL4aAIGmSAt9slTE1Xgw5KWuof2uTOvCg9BY7ZRi+GaF+7sfgPeQ==",
      "dev": true,
      "license": "Apache-2.0",
      "bin": {
        "tsc": "bin/tsc",
        "tsserver": "bin/tsserver"
      },
      "engines": {
        "node": ">=14.17"
      }
    },
    "node_modules/undici-types": {
      "version": "6.21.0",
      "resolved": "https://registry.npmjs.org/undici-types/-/undici-types-6.21.0.tgz",
      "integrity": "sha512-iwDZqg0QAGrg9Rav5H4n0M64c3mkR59cJ6wQp+7C4nI0gsmExaedaYLNO44eT4AtBBwjbTiGPMlt2Md0T9H9JQ==",
      "dev": true,
      "license": "MIT"
    }
  }
}
